
Microsoft Visual Studio Solution File, Format Version 12.00
# Visual Studio 2015
Project("{FAE04EC0-301F-11D3-BF4B-00C04F79EFBC}") = "Gravelin.Plugins", "Gravelin.Plugins.csproj", "{14D47CD4-6349-4CB9-56E7-B01916126E33}"
EndProject
Project("{FAE04EC0-301F-11D3-BF4B-00C04F79EFBC}") = "Gravelin", "Gravelin.csproj", "{C3DAA4F3-6E40-60D0-CC06-3765FC52AFB3}"
EndProject
Project("{FAE04EC0-301F-11D3-BF4B-00C04F79EFBC}") = "Gravelin.Editor.Plugins", "Gravelin.Editor.Plugins.csproj", "{3A938D96-DC67-8E76-BD5E-CD70232F2690}"
EndProject
Global
	GlobalSection(SolutionConfigurationPlatforms) = preSolution
		Debug|Any CPU = Debug|Any CPU
		Release|Any CPU = Release|Any CPU
	EndGlobalSection
	GlobalSection(ProjectConfigurationPlatforms) = postSolution
		{14D47CD4-6349-4CB9-56E7-B01916126E33}.Debug|Any CPU.ActiveCfg = Debug|Any CPU
		{14D47CD4-6349-4CB9-56E7-B01916126E33}.Debug|Any CPU.Build.0 = Debug|Any CPU
		{14D47CD4-6349-4CB9-56E7-B01916126E33}.Release|Any CPU.ActiveCfg = Release|Any CPU
		{14D47CD4-6349-4CB9-56E7-B01916126E33}.Release|Any CPU.Build.0 = Release|Any CPU
		{C3DAA4F3-6E40-60D0-CC06-3765FC52AFB3}.Debug|Any CPU.ActiveCfg = Debug|Any CPU
		{C3DAA4F3-6E40-60D0-CC06-3765FC52AFB3}.Debug|Any CPU.Build.0 = Debug|Any CPU
		{C3DAA4F3-6E40-60D0-CC06-3765FC52AFB3}.Release|Any CPU.ActiveCfg = Release|Any CPU
		{C3DAA4F3-6E40-60D0-CC06-3765FC52AFB3}.Release|Any CPU.Build.0 = Release|Any CPU
		{3A938D96-DC67-8E76-BD5E-CD70232F2690}.Debug|Any CPU.ActiveCfg = Debug|Any CPU
		{3A938D96-DC67-8E76-BD5E-CD70232F2690}.Debug|Any CPU.Build.0 = Debug|Any CPU
		{3A938D96-DC67-8E76-BD5E-CD70232F2690}.Release|Any CPU.ActiveCfg = Release|Any CPU
		{3A938D96-DC67-8E76-BD5E-CD70232F2690}.Release|Any CPU.Build.0 = Release|Any CPU
	EndGlobalSection
	GlobalSection(SolutionProperties) = preSolution
		HideSolutionNode = FALSE
	EndGlobalSection
EndGlobal
